
Microsoft Visual Studio Solution File, Format Version 12.00
# Visual Studio 15
VisualStudioVersion = 15.0.28307.902
MinimumVisualStudioVersion = 10.0.40219.1
Project("{FAE04EC0-301F-11D3-BF4B-00C04F79EFBC}") = "NLogTest", "NLogTest\NLogTest.csproj", "{765B7F2B-A87C-47D6-BDDC-8852AE103C1D}"
EndProject
Global
	GlobalSection(SolutionConfigurationPlatforms) = preSolution
		Debug|Any CPU = Debug|Any CPU
		Release|Any CPU = Release|Any CPU
	EndGlobalSection
	GlobalSection(ProjectConfigurationPlatforms) = postSolution
		{765B7F2B-A87C-47D6-BDDC-8852AE103C1D}.Debug|Any CPU.ActiveCfg = Debug|Any CPU
		{765B7F2B-A87C-47D6-BDDC-8852AE103C1D}.Debug|Any CPU.Build.0 = Debug|Any CPU
		{765B7F2B-A87C-47D6-BDDC-8852AE103C1D}.Release|Any CPU.ActiveCfg = Release|Any CPU
		{765B7F2B-A87C-47D6-BDDC-8852AE103C1D}.Release|Any CPU.Build.0 = Release|Any CPU
	EndGlobalSection
	GlobalSection(SolutionProperties) = preSolution
		HideSolutionNode = FALSE
	EndGlobalSection
	GlobalSection(ExtensibilityGlobals) = postSolution
		SolutionGuid = {A4EA7A29-4CF2-4327-A671-95200027E976}
	EndGlobalSection
EndGlobal
